
Microsoft Visual Studio Solution File, Format Version 12.00
# Visual Studio Version 16
VisualStudioVersion = 16.0.31613.86
MinimumVisualStudioVersion = 10.0.40219.1
Project("{FAE04EC0-301F-11D3-BF4B-00C04F79EFBC}") = "EducationProject", "EducationProject\EducationProject.csproj", "{EFCE0473-ED03-4C06-B63E-8B54091358DE}"
EndProject
Global
	GlobalSection(SolutionConfigurationPlatforms) = preSolution
		Debug|Any CPU = Debug|Any CPU
		Release|Any CPU = Release|Any CPU
	EndGlobalSection
	GlobalSection(ProjectConfigurationPlatforms) = postSolution
		{EFCE0473-ED03-4C06-B63E-8B54091358DE}.Debug|Any CPU.ActiveCfg = Debug|Any CPU
		{EFCE0473-ED03-4C06-B63E-8B54091358DE}.Debug|Any CPU.Build.0 = Debug|Any CPU
		{EFCE0473-ED03-4C06-B63E-8B54091358DE}.Release|Any CPU.ActiveCfg = Release|Any CPU
		{EFCE0473-ED03-4C06-B63E-8B54091358DE}.Release|Any CPU.Build.0 = Release|Any CPU
	EndGlobalSection
	GlobalSection(SolutionProperties) = preSolution
		HideSolutionNode = FALSE
	EndGlobalSection
	GlobalSection(ExtensibilityGlobals) = postSolution
		SolutionGuid = {B06DE616-C9A7-40E6-A91D-52F6440D319B}
	EndGlobalSection
EndGlobal
